// !$*UTF8*$!
{
	archiveVersion = 1;
	classes = {
	};
	objectVersion = 50;
	objects = {

/* Begin PBXBuildFile section */
		85D0602D26B847CF00605E2F /* AppDelegate.m in Sources */ = {isa = PBXBuildFile; fileRef = 85D0602C26B847CF00605E2F /* AppDelegate.m */; };
		85D0603026B847CF00605E2F /* SceneDelegate.m in Sources */ = {isa = PBXBuildFile; fileRef = 85D0602F26B847CF00605E2F /* SceneDelegate.m */; };
		85D0603326B847CF00605E2F /* ViewController.m in Sources */ = {isa = PBXBuildFile; fileRef = 85D0603226B847CF00605E2F /* ViewController.m */; };
		85D0603626B847CF00605E2F /* Main.storyboard in Resources */ = {isa = PBXBuildFile; fileRef = 85D0603426B847CF00605E2F /* Main.storyboard */; };
		85D0603826B847D800605E2F /* Assets.xcassets in Resources */ = {isa = PBXBuildFile; fileRef = 85D0603726B847D800605E2F /* Assets.xcassets */; };
		85D0603B26B847D800605E2F /* LaunchScreen.storyboard in Resources */ = {isa = PBXBuildFile; fileRef = 85D0603926B847D800605E2F /* LaunchScreen.storyboard */; };
		85D0603E26B847D800605E2F /* main.m in Sources */ = {isa = PBXBuildFile; fileRef = 85D0603D26B847D800605E2F /* main.m */; };
		85D0604826B847D800605E2F /* XCTextDemoTests.m in Sources */ = {isa = PBXBuildFile; fileRef = 85D0604726B847D800605E2F /* XCTextDemoTests.m */; };
		85D0605326B847D800605E2F /* XCTextDemoUITests.m in Sources */ = {isa = PBXBuildFile; fileRef = 85D0605226B847D800605E2F /* XCTextDemoUITests.m */; };
		85D0606426B8481100605E2F /* ViewControllerTest.m in Sources */ = {isa = PBXBuildFile; fileRef = 85D0606326B8481100605E2F /* ViewControllerTest.m */; };
/* End PBXBuildFile section */

/* Begin PBXContainerItemProxy section */
		85D0604426B847D800605E2F /* PBXContainerItemProxy */ = {
			isa = PBXContainerItemProxy;
			containerPortal = 85D0602026B847CF00605E2F /* Project object */;
			proxyType = 1;
			remoteGlobalIDString = 85D0602726B847CF00605E2F;
			remoteInfo = XCTextDemo;
		};
		85D0604F26B847D800605E2F /* PBXContainerItemProxy */ = {
			isa = PBXContainerItemProxy;
			containerPortal = 85D0602026B847CF00605E2F /* Project object */;
			proxyType = 1;
			remoteGlobalIDString = 85D0602726B847CF00605E2F;
			remoteInfo = XCTextDemo;
		};
/* End PBXContainerItemProxy section */

/* Begin PBXFileReference section */
		85D0602826B847CF00605E2F /* XCTextDemo.app */ = {isa = PBXFileReference; explicitFileType = wrapper.application; includeInIndex = 0; path = XCTextDemo.app; sourceTree = BUILT_PRODUCTS_DIR; };
		85D0602B26B847CF00605E2F /* AppDelegate.h */ = {isa = PBXFileReference; lastKnownFileType = sourcecode.c.h; path = AppDelegate.h; sourceTree = "<group>"; };
		85D0602C26B847CF00605E2F /* AppDelegate.m */ = {isa = PBXFileReference; lastKnownFileType = sourcecode.c.objc; path = AppDelegate.m; sourceTree = "<group>"; };
		85D0602E26B847CF00605E2F /* SceneDelegate.h */ = {isa = PBXFileReference; lastKnownFileType = sourcecode.c.h; path = SceneDelegate.h; sourceTree = "<group>"; };
		85D0602F26B847CF00605E2F /* SceneDelegate.m */ = {isa = PBXFileReference; lastKnownFileType = sourcecode.c.objc; path = SceneDelegate.m; sourceTree = "<group>"; };
		85D0603126B847CF00605E2F /* ViewController.h */ = {isa = PBXFileReference; lastKnownFileType = sourcecode.c.h; path = ViewController.h; sourceTree = "<group>"; };
		85D0603226B847CF00605E2F /* ViewController.m */ = {isa = PBXFileReference; lastKnownFileType = sourcecode.c.objc; path = ViewController.m; sourceTree = "<group>"; };
		85D0603526B847CF00605E2F /* Base */ = {isa = PBXFileReference; lastKnownFileType = file.storyboard; name = Base; path = Base.lproj/Main.storyboard; sourceTree = "<group>"; };
		85D0603726B847D800605E2F /* Assets.xcassets */ = {isa = PBXFileReference; lastKnownFileType = folder.assetcatalog; path = Assets.xcassets; sourceTree = "<group>"; };
		85D0603A26B847D800605E2F /* Base */ = {isa = PBXFileReference; lastKnownFileType = file.storyboard; name = Base; path = Base.lproj/LaunchScreen.storyboard; sourceTree = "<group>"; };
		85D0603C26B847D800605E2F /* Info.plist */ = {isa = PBXFileReference; lastKnownFileType = text.plist.xml; path = Info.plist; sourceTree = "<group>"; };
		85D0603D26B847D800605E2F /* main.m */ = {isa = PBXFileReference; lastKnownFileType = sourcecode.c.objc; path = main.m; sourceTree = "<group>"; };
		85D0604326B847D800605E2F /* XCTextDemoTests.xctest */ = {isa = PBXFileReference; explicitFileType = wrapper.cfbundle; includeInIndex = 0; path = XCTextDemoTests.xctest; sourceTree = BUILT_PRODUCTS_DIR; };
		85D0604726B847D800605E2F /* XCTextDemoTests.m */ = {isa = PBXFileReference; lastKnownFileType = sourcecode.c.objc; path = XCTextDemoTests.m; sourceTree = "<group>"; };
		85D0604926B847D800605E2F /* Info.plist */ = {isa = PBXFileReference; lastKnownFileType = text.plist.xml; path = Info.plist; sourceTree = "<group>"; };
		85D0604E26B847D800605E2F /* XCTextDemoUITests.xctest */ = {isa = PBXFileReference; explicitFileType = wrapper.cfbundle; includeInIndex = 0; path = XCTextDemoUITests.xctest; sourceTree = BUILT_PRODUCTS_DIR; };
		85D0605226B847D800605E2F /* XCTextDemoUITests.m */ = {isa = PBXFileReference; lastKnownFileType = sourcecode.c.objc; path = XCTextDemoUITests.m; sourceTree = "<group>"; };
		85D0605426B847D800605E2F /* Info.plist */ = {isa = PBXFileReference; lastKnownFileType = text.plist.xml; path = Info.plist; sourceTree = "<group>"; };
		85D0606326B8481100605E2F /* ViewControllerTest.m */ = {isa = PBXFileReference; lastKnownFileType = sourcecode.c.objc; path = ViewControllerTest.m; sourceTree = "<group>"; };
/* End PBXFileReference section */

/* Begin PBXFrameworksBuildPhase section */
		85D0602526B847CF00605E2F /* Frameworks */ = {
			isa = PBXFrameworksBuildPhase;
			buildActionMask = 2147483647;
			files = (
			);
			runOnlyForDeploymentPostprocessing = 0;
		};
		85D0604026B847D800605E2F /* Frameworks */ = {
			isa = PBXFrameworksBuildPhase;
			buildActionMask = 2147483647;
			files = (
			);
			runOnlyForDeploymentPostprocessing = 0;
		};
		85D0604B26B847D800605E2F /* Frameworks */ = {
			isa = PBXFrameworksBuildPhase;
			buildActionMask = 2147483647;
			files = (
			);
			runOnlyForDeploymentPostprocessing = 0;
		};
/* End PBXFrameworksBuildPhase section */

/* Begin PBXGroup section */
		85D0601F26B847CF00605E2F = {
			isa = PBXGroup;
			children = (
				85D0602A26B847CF00605E2F /* XCTextDemo */,
				85D0604626B847D800605E2F /* XCTextDemoTests */,
				85D0605126B847D800605E2F /* XCTextDemoUITests */,
				85D0602926B847CF00605E2F /* Products */,
			);
			sourceTree = "<group>";
		};
		85D0602926B847CF00605E2F /* Products */ = {
			isa = PBXGroup;
			children = (
				85D0602826B847CF00605E2F /* XCTextDemo.app */,
				85D0604326B847D800605E2F /* XCTextDemoTests.xctest */,
				85D0604E26B847D800605E2F /* XCTextDemoUITests.xctest */,
			);
			name = Products;
			sourceTree = "<group>";
		};
		85D0602A26B847CF00605E2F /* XCTextDemo */ = {
			isa = PBXGroup;
			children = (
				85D0602B26B847CF00605E2F /* AppDelegate.h */,
				85D0602C26B847CF00605E2F /* AppDelegate.m */,
				85D0602E26B847CF00605E2F /* SceneDelegate.h */,
				85D0602F26B847CF00605E2F /* SceneDelegate.m */,
				85D0603126B847CF00605E2F /* ViewController.h */,
				85D0603226B847CF00605E2F /* ViewController.m */,
				85D0603426B847CF00605E2F /* Main.storyboard */,
				85D0603726B847D800605E2F /* Assets.xcassets */,
				85D0603926B847D800605E2F /* LaunchScreen.storyboard */,
				85D0603C26B847D800605E2F /* Info.plist */,
				85D0603D26B847D800605E2F /* main.m */,
			);
			path = XCTextDemo;
			sourceTree = "<group>";
		};
		85D0604626B847D800605E2F /* XCTextDemoTests */ = {
			isa = PBXGroup;
			children = (
				85D0604726B847D800605E2F /* XCTextDemoTests.m */,
				85D0606326B8481100605E2F /* ViewControllerTest.m */,
				85D0604926B847D800605E2F /* Info.plist */,
			);
			path = XCTextDemoTests;
			sourceTree = "<group>";
		};
		85D0605126B847D800605E2F /* XCTextDemoUITests */ = {
			isa = PBXGroup;
			children = (
				85D0605226B847D800605E2F /* XCTextDemoUITests.m */,
				85D0605426B847D800605E2F /* Info.plist */,
			);
			path = XCTextDemoUITests;
			sourceTree = "<group>";
		};
/* End PBXGroup section */

/* Begin PBXNativeTarget section */
		85D0602726B847CF00605E2F /* XCTextDemo */ = {
			isa = PBXNativeTarget;
			buildConfigurationList = 85D0605726B847D800605E2F /* Build configuration list for PBXNativeTarget "XCTextDemo" */;
			buildPhases = (
				85D0602426B847CF00605E2F /* Sources */,
				85D0602526B847CF00605E2F /* Frameworks */,
				85D0602626B847CF00605E2F /* Resources */,
			);
			buildRules = (
			);
			dependencies = (
			);
			name = XCTextDemo;
			productName = XCTextDemo;
			productReference = 85D0602826B847CF00605E2F /* XCTextDemo.app */;
			productType = "com.apple.product-type.application";
		};
		85D0604226B847D800605E2F /* XCTextDemoTests */ = {
			isa = PBXNativeTarget;
			buildConfigurationList = 85D0605A26B847D800605E2F /* Build configuration list for PBXNativeTarget "XCTextDemoTests" */;
			buildPhases = (
				85D0603F26B847D800605E2F /* Sources */,
				85D0604026B847D800605E2F /* Frameworks */,
				85D0604126B847D800605E2F /* Resources */,
			);
			buildRules = (
			);
			dependencies = (
				85D0604526B847D800605E2F /* PBXTargetDependency */,
			);
			name = XCTextDemoTests;
			productName = XCTextDemoTests;
			productReference = 85D0604326B847D800605E2F /* XCTextDemoTests.xctest */;
			productType = "com.apple.product-type.bundle.unit-test";
		};
		85D0604D26B847D800605E2F /* XCTextDemoUITests */ = {
			isa = PBXNativeTarget;
			buildConfigurationList = 85D0605D26B847D800605E2F /* Build configuration list for PBXNativeTarget "XCTextDemoUITests" */;
			buildPhases = (
				85D0604A26B847D800605E2F /* Sources */,
				85D0604B26B847D800605E2F /* Frameworks */,
				85D0604C26B847D800605E2F /* Resources */,
			);
			buildRules = (
			);
			dependencies = (
				85D0605026B847D800605E2F /* PBXTargetDependency */,
			);
			name = XCTextDemoUITests;
			productName = XCTextDemoUITests;
			productReference = 85D0604E26B847D800605E2F /* XCTextDemoUITests.xctest */;
			productType = "com.apple.product-type.bundle.ui-testing";
		};
/* End PBXNativeTarget section */

/* Begin PBXProject section */
		85D0602026B847CF00605E2F /* Project object */ = {
			isa = PBXProject;
			attributes = {
				LastUpgradeCheck = 1240;
				TargetAttributes = {
					85D0602726B847CF00605E2F = {
						CreatedOnToolsVersion = 12.4;
					};
					85D0604226B847D800605E2F = {
						CreatedOnToolsVersion = 12.4;
						TestTargetID = 85D0602726B847CF00605E2F;
					};
					85D0604D26B847D800605E2F = {
						CreatedOnToolsVersion = 12.4;
						TestTargetID = 85D0602726B847CF00605E2F;
					};
				};
			};
			buildConfigurationList = 85D0602326B847CF00605E2F /* Build configuration list for PBXProject "XCTextDemo" */;
			compatibilityVersion = "Xcode 9.3";
			developmentRegion = en;
			hasScannedForEncodings = 0;
			knownRegions = (
				en,
				Base,
			);
			mainGroup = 85D0601F26B847CF00605E2F;
			productRefGroup = 85D0602926B847CF00605E2F /* Products */;
			projectDirPath = "";
			projectRoot = "";
			targets = (
				85D0602726B847CF00605E2F /* XCTextDemo */,
				85D0604226B847D800605E2F /* XCTextDemoTests */,
				85D0604D26B847D800605E2F /* XCTextDemoUITests */,
			);
		};
/* End PBXProject section */

/* Begin PBXResourcesBuildPhase section */
		85D0602626B847CF00605E2F /* Resources */ = {
			isa = PBXResourcesBuildPhase;
			buildActionMask = 2147483647;
			files = (
				85D0603B26B847D800605E2F /* LaunchScreen.storyboard in Resources */,
				85D0603826B847D800605E2F /* Assets.xcassets in Resources */,
				85D0603626B847CF00605E2F /* Main.storyboard in Resources */,
			);
			runOnlyForDeploymentPostprocessing = 0;
		};
		85D0604126B847D800605E2F /* Resources */ = {
			isa = PBXResourcesBuildPhase;
			buildActionMask = 2147483647;
			files = (
			);
			runOnlyForDeploymentPostprocessing = 0;
		};
		85D0604C26B847D800605E2F /* Resources */ = {
			isa = PBXResourcesBuildPhase;
			buildActionMask = 2147483647;
			files = (
			);
			runOnlyForDeploymentPostprocessing = 0;
		};
/* End PBXResourcesBuildPhase section */

/* Begin PBXSourcesBuildPhase section */
		85D0602426B847CF00605E2F /* Sources */ = {
			isa = PBXSourcesBuildPhase;
			buildActionMask = 2147483647;
			files = (
				85D0603326B847CF00605E2F /* ViewController.m in Sources */,
				85D0602D26B847CF00605E2F /* AppDelegate.m in Sources */,
				85D0603E26B847D800605E2F /* main.m in Sources */,
				85D0603026B847CF00605E2F /* SceneDelegate.m in Sources */,
			);
			runOnlyForDeploymentPostprocessing = 0;
		};
		85D0603F26B847D800605E2F /* Sources */ = {
			isa = PBXSourcesBuildPhase;
			buildActionMask = 2147483647;
			files = (
				85D0606426B8481100605E2F /* ViewControllerTest.m in Sources */,
				85D0604826B847D800605E2F /* XCTextDemoTests.m in Sources */,
			);
			runOnlyForDeploymentPostprocessing = 0;
		};
		85D0604A26B847D800605E2F /* Sources */ = {
			isa = PBXSourcesBuildPhase;
			buildActionMask = 2147483647;
			files = (
				85D0605326B847D800605E2F /* XCTextDemoUITests.m in Sources */,
			);
			runOnlyForDeploymentPostprocessing = 0;
		};
/* End PBXSourcesBuildPhase section */

/* Begin PBXTargetDependency section */
		85D0604526B847D800605E2F /* PBXTargetDependency */ = {
			isa = PBXTargetDependency;
			target = 85D0602726B847CF00605E2F /* XCTextDemo */;
			targetProxy = 85D0604426B847D800605E2F /* PBXContainerItemProxy */;
		};
		85D0605026B847D800605E2F /* PBXTargetDependency */ = {
			isa = PBXTargetDependency;
			target = 85D0602726B847CF00605E2F /* XCTextDemo */;
			targetProxy = 85D0604F26B847D800605E2F /* PBXContainerItemProxy */;
		};
/* End PBXTargetDependency section */

/* Begin PBXVariantGroup section */
		85D0603426B847CF00605E2F /* Main.storyboard */ = {
			isa = PBXVariantGroup;
			children = (
				85D0603526B847CF00605E2F /* Base */,
			);
			name = Main.storyboard;
			sourceTree = "<group>";
		};
		85D0603926B847D800605E2F /* LaunchScreen.storyboard */ = {
			isa = PBXVariantGroup;
			children = (
				85D0603A26B847D800605E2F /* Base */,
			);
			name = LaunchScreen.storyboard;
			sourceTree = "<group>";
		};
/* End PBXVariantGroup section */

/* Begin XCBuildConfiguration section */
		85D0605526B847D800605E2F /* Debug */ = {
			isa = XCBuildConfiguration;
			buildSettings = {
				ALWAYS_SEARCH_USER_PATHS = NO;
				CLANG_ANALYZER_NONNULL = YES;
				CLANG_ANALYZER_NUMBER_OBJECT_CONVERSION = YES_AGGRESSIVE;
				CLANG_CXX_LANGUAGE_STANDARD = "gnu++14";
				CLANG_CXX_LIBRARY = "libc++";
				CLANG_ENABLE_MODULES = YES;
				CLANG_ENABLE_OBJC_ARC = YES;
				CLANG_ENABLE_OBJC_WEAK = YES;
				CLANG_WARN_BLOCK_CAPTURE_AUTORELEASING = YES;
				CLANG_WARN_BOOL_CONVERSION = YES;
				CLANG_WARN_COMMA = YES;
				CLANG_WARN_CONSTANT_CONVERSION = YES;
				CLANG_WARN_DEPRECATED_OBJC_IMPLEMENTATIONS = YES;
				CLANG_WARN_DIRECT_OBJC_ISA_USAGE = YES_ERROR;
				CLANG_WARN_DOCUMENTATION_COMMENTS = YES;
				CLANG_WARN_EMPTY_BODY = YES;
				CLANG_WARN_ENUM_CONVERSION = YES;
				CLANG_WARN_INFINITE_RECURSION = YES;
				CLANG_WARN_INT_CONVERSION = YES;
				CLANG_WARN_NON_LITERAL_NULL_CONVERSION = YES;
				CLANG_WARN_OBJC_IMPLICIT_RETAIN_SELF = YES;
				CLANG_WARN_OBJC_LITERAL_CONVERSION = YES;
				CLANG_WARN_OBJC_ROOT_CLASS = YES_ERROR;
				CLANG_WARN_QUOTED_INCLUDE_IN_FRAMEWORK_HEADER = YES;
				CLANG_WARN_RANGE_LOOP_ANALYSIS = YES;
				CLANG_WARN_STRICT_PROTOTYPES = YES;
				CLANG_WARN_SUSPICIOUS_MOVE = YES;
				CLANG_WARN_UNGUARDED_AVAILABILITY = YES_AGGRESSIVE;
				CLANG_WARN_UNREACHABLE_CODE = YES;
				CLANG_WARN__DUPLICATE_METHOD_MATCH = YES;
				COPY_PHASE_STRIP = NO;
				DEBUG_INFORMATION_FORMAT = dwarf;
				ENABLE_STRICT_OBJC_MSGSEND = YES;
				ENABLE_TESTABILITY = YES;
				GCC_C_LANGUAGE_STANDARD = gnu11;
				GCC_DYNAMIC_NO_PIC = NO;
				GCC_NO_COMMON_BLOCKS = YES;
				GCC_OPTIMIZATION_LEVEL = 0;
				GCC_PREPROCESSOR_DEFINITIONS = (
					"DEBUG=1",
					"$(inherited)",
				);
				GCC_WARN_64_TO_32_BIT_CONVERSION = YES;
				GCC_WARN_ABOUT_RETURN_TYPE = YES_ERROR;
				GCC_WARN_UNDECLARED_SELECTOR = YES;
				GCC_WARN_UNINITIALIZED_AUTOS = YES_AGGRESSIVE;
				GCC_WARN_UNUSED_FUNCTION = YES;
				GCC_WARN_UNUSED_VARIABLE = YES;
				IPHONEOS_DEPLOYMENT_TARGET = 14.4;
				MTL_ENABLE_DEBUG_INFO = INCLUDE_SOURCE;
				MTL_FAST_MATH = YES;
				ONLY_ACTIVE_ARCH = YES;
				SDKROOT = iphoneos;
			};
			name = Debug;
		};
		85D0605626B847D800605E2F /* Release */ = {
			isa = XCBuildConfiguration;
			buildSettings = {
				ALWAYS_SEARCH_USER_PATHS = NO;
				CLANG_ANALYZER_NONNULL = YES;
				CLANG_ANALYZER_NUMBER_OBJECT_CONVERSION = YES_AGGRESSIVE;
				CLANG_CXX_LANGUAGE_STANDARD = "gnu++14";
				CLANG_CXX_LIBRARY = "libc++";
				CLANG_ENABLE_MODULES = YES;
				CLANG_ENABLE_OBJC_ARC = YES;
				CLANG_ENABLE_OBJC_WEAK = YES;
				CLANG_WARN_BLOCK_CAPTURE_AUTORELEASING = YES;
				CLANG_WARN_BOOL_CONVERSION = YES;
				CLANG_WARN_COMMA = YES;
				CLANG_WARN_CONSTANT_CONVERSION = YES;
				CLANG_WARN_DEPRECATED_OBJC_IMPLEMENTATIONS = YES;
				CLANG_WARN_DIRECT_OBJC_ISA_USAGE = YES_ERROR;
				CLANG_WARN_DOCUMENTATION_COMMENTS = YES;
				CLANG_WARN_EMPTY_BODY = YES;
				CLANG_WARN_ENUM_CONVERSION = YES;
				CLANG_WARN_INFINITE_RECURSION = YES;
				CLANG_WARN_INT_CONVERSION = YES;
				CLANG_WARN_NON_LITERAL_NULL_CONVERSION = YES;
				CLANG_WARN_OBJC_IMPLICIT_RETAIN_SELF = YES;
				CLANG_WARN_OBJC_LITERAL_CONVERSION = YES;
				CLANG_WARN_OBJC_ROOT_CLASS = YES_ERROR;
				CLANG_WARN_QUOTED_INCLUDE_IN_FRAMEWORK_HEADER = YES;
				CLANG_WARN_RANGE_LOOP_ANALYSIS = YES;
				CLANG_WARN_STRICT_PROTOTYPES = YES;
				CLANG_WARN_SUSPICIOUS_MOVE = YES;
				CLANG_WARN_UNGUARDED_AVAILABILITY = YES_AGGRESSIVE;
				CLANG_WARN_UNREACHABLE_CODE = YES;
				CLANG_WARN__DUPLICATE_METHOD_MATCH = YES;
				COPY_PHASE_STRIP = NO;
				DEBUG_INFORMATION_FORMAT = "dwarf-with-dsym";
				ENABLE_NS_ASSERTIONS = NO;
				ENABLE_STRICT_OBJC_MSGSEND = YES;
				GCC_C_LANGUAGE_STANDARD = gnu11;
				GCC_NO_COMMON_BLOCKS = YES;
				GCC_WARN_64_TO_32_BIT_CONVERSION = YES;
				GCC_WARN_ABOUT_RETURN_TYPE = YES_ERROR;
				GCC_WARN_UNDECLARED_SELECTOR = YES;
				GCC_WARN_UNINITIALIZED_AUTOS = YES_AGGRESSIVE;
				GCC_WARN_UNUSED_FUNCTION = YES;
				GCC_WARN_UNUSED_VARIABLE = YES;
				IPHONEOS_DEPLOYMENT_TARGET = 14.4;
				MTL_ENABLE_DEBUG_INFO = NO;
				MTL_FAST_MATH = YES;
				SDKROOT = iphoneos;
				VALIDATE_PRODUCT = YES;
			};
			name = Release;
		};
		85D0605826B847D800605E2F /* Debug */ = {
			isa = XCBuildConfiguration;
			buildSettings = {
				ASSETCATALOG_COMPILER_APPICON_NAME = AppIcon;
				ASSETCATALOG_COMPILER_GLOBAL_ACCENT_COLOR_NAME = AccentColor;
				CODE_SIGN_STYLE = Automatic;
				DEVELOPMENT_TEAM = 8G78CU738B;
				INFOPLIST_FILE = XCTextDemo/Info.plist;
				LD_RUNPATH_SEARCH_PATHS = (
					"$(inherited)",
					"@executable_path/Frameworks",
				);
				PRODUCT_BUNDLE_IDENTIFIER = com.hetao101.maththinking.XCTextDemo;
				PRODUCT_NAME = "$(TARGET_NAME)";
				TARGETED_DEVICE_FAMILY = "1,2";
			};
			name = Debug;
		};
		85D0605926B847D800605E2F /* Release */ = {
			isa = XCBuildConfiguration;
			buildSettings = {
				ASSETCATALOG_COMPILER_APPICON_NAME = AppIcon;
				ASSETCATALOG_COMPILER_GLOBAL_ACCENT_COLOR_NAME = AccentColor;
				CODE_SIGN_STYLE = Automatic;
				DEVELOPMENT_TEAM = 8G78CU738B;
				INFOPLIST_FILE = XCTextDemo/Info.plist;
				LD_RUNPATH_SEARCH_PATHS = (
					"$(inherited)",
					"@executable_path/Frameworks",
				);
				PRODUCT_BUNDLE_IDENTIFIER = com.hetao101.maththinking.XCTextDemo;
				PRODUCT_NAME = "$(TARGET_NAME)";
				TARGETED_DEVICE_FAMILY = "1,2";
			};
			name = Release;
		};
		85D0605B26B847D800605E2F /* Debug */ = {
			isa = XCBuildConfiguration;
			buildSettings = {
				BUNDLE_LOADER = "$(TEST_HOST)";
				CODE_SIGN_STYLE = Automatic;
				DEVELOPMENT_TEAM = 8G78CU738B;
				INFOPLIST_FILE = XCTextDemoTests/Info.plist;
				IPHONEOS_DEPLOYMENT_TARGET = 14.4;
				LD_RUNPATH_SEARCH_PATHS = (
					"$(inherited)",
					"@executable_path/Frameworks",
					"@loader_path/Frameworks",
				);
				PRODUCT_BUNDLE_IDENTIFIER = com.hetao101.maththinking.XCTextDemoTests;
				PRODUCT_NAME = "$(TARGET_NAME)";
				TARGETED_DEVICE_FAMILY = "1,2";
				TEST_HOST = "$(BUILT_PRODUCTS_DIR)/XCTextDemo.app/XCTextDemo";
			};
			name = Debug;
		};
		85D0605C26B847D800605E2F /* Release */ = {
			isa = XCBuildConfiguration;
			buildSettings = {
				BUNDLE_LOADER = "$(TEST_HOST)";
				CODE_SIGN_STYLE = Automatic;
				DEVELOPMENT_TEAM = 8G78CU738B;
				INFOPLIST_FILE = XCTextDemoTests/Info.plist;
				IPHONEOS_DEPLOYMENT_TARGET = 14.4;
				LD_RUNPATH_SEARCH_PATHS = (
					"$(inherited)",
					"@executable_path/Frameworks",
					"@loader_path/Frameworks",
				);
				PRODUCT_BUNDLE_IDENTIFIER = com.hetao101.maththinking.XCTextDemoTests;
				PRODUCT_NAME = "$(TARGET_NAME)";
				TARGETED_DEVICE_FAMILY = "1,2";
				TEST_HOST = "$(BUILT_PRODUCTS_DIR)/XCTextDemo.app/XCTextDemo";
			};
			name = Release;
		};
		85D0605E26B847D800605E2F /* Debug */ = {
			isa = XCBuildConfiguration;
			buildSettings = {
				CODE_SIGN_STYLE = Automatic;
				DEVELOPMENT_TEAM = 8G78CU738B;
				INFOPLIST_FILE = XCTextDemoUITests/Info.plist;
				LD_RUNPATH_SEARCH_PATHS = (
					"$(inherited)",
					"@executable_path/Frameworks",
					"@loader_path/Frameworks",
				);
				PRODUCT_BUNDLE_IDENTIFIER = com.hetao101.maththinking.XCTextDemoUITests;
				PRODUCT_NAME = "$(TARGET_NAME)";
				TARGETED_DEVICE_FAMILY = "1,2";
				TEST_TARGET_NAME = XCTextDemo;
			};
			name = Debug;
		};
		85D0605F26B847D800605E2F /* Release */ = {
			isa = XCBuildConfiguration;
			buildSettings = {
				CODE_SIGN_STYLE = Automatic;
				DEVELOPMENT_TEAM = 8G78CU738B;
				INFOPLIST_FILE = XCTextDemoUITests/Info.plist;
				LD_RUNPATH_SEARCH_PATHS = (
					"$(inherited)",
					"@executable_path/Frameworks",
					"@loader_path/Frameworks",
				);
				PRODUCT_BUNDLE_IDENTIFIER = com.hetao101.maththinking.XCTextDemoUITests;
				PRODUCT_NAME = "$(TARGET_NAME)";
				TARGETED_DEVICE_FAMILY = "1,2";
				TEST_TARGET_NAME = XCTextDemo;
			};
			name = Release;
		};
/* End XCBuildConfiguration section */

/* Begin XCConfigurationList section */
		85D0602326B847CF00605E2F /* Build configuration list for PBXProject "XCTextDemo" */ = {
			isa = XCConfigurationList;
			buildConfigurations = (
				85D0605526B847D800605E2F /* Debug */,
				85D0605626B847D800605E2F /* Release */,
			);
			defaultConfigurationIsVisible = 0;
			defaultConfigurationName = Release;
		};
		85D0605726B847D800605E2F /* Build configuration list for PBXNativeTarget "XCTextDemo" */ = {
			isa = XCConfigurationList;
			buildConfigurations = (
				85D0605826B847D800605E2F /* Debug */,
				85D0605926B847D800605E2F /* Release */,
			);
			defaultConfigurationIsVisible = 0;
			defaultConfigurationName = Release;
		};
		85D0605A26B847D800605E2F /* Build configuration list for PBXNativeTarget "XCTextDemoTests" */ = {
			isa = XCConfigurationList;
			buildConfigurations = (
				85D0605B26B847D800605E2F /* Debug */,
				85D0605C26B847D800605E2F /* Release */,
			);
			defaultConfigurationIsVisible = 0;
			defaultConfigurationName = Release;
		};
		85D0605D26B847D800605E2F /* Build configuration list for PBXNativeTarget "XCTextDemoUITests" */ = {
			isa = XCConfigurationList;
			buildConfigurations = (
				85D0605E26B847D800605E2F /* Debug */,
				85D0605F26B847D800605E2F /* Release */,
			);
			defaultConfigurationIsVisible = 0;
			defaultConfigurationName = Release;
		};
/* End XCConfigurationList section */
	};
	rootObject = 85D0602026B847CF00605E2F /* Project object */;
}
